
Microsoft Visual Studio Solution File, Format Version 12.00
# Visual Studio Version 17
VisualStudioVersion = 17.14.37628.2 d17.14
MinimumVisualStudioVersion = 10.0.40219.1
Project("{FAE04EC0-301F-11D3-BF4B-00C04F79EFBC}") = "08_Captura", "08_Captura\08_Captura.csproj", "{A8EB7FE9-F557-470B-96F1-F44B20DDD28D}"
EndProject
Global
	GlobalSection(SolutionConfigurationPlatforms) = preSolution
		Debug|Any CPU = Debug|Any CPU
		Release|Any CPU = Release|Any CPU
	EndGlobalSection
	GlobalSection(ProjectConfigurationPlatforms) = postSolution
		{A8EB7FE9-F557-470B-96F1-F44B20DDD28D}.Debug|Any CPU.ActiveCfg = Debug|Any CPU
		{A8EB7FE9-F557-470B-96F1-F44B20DDD28D}.Debug|Any CPU.Build.0 = Debug|Any CPU
		{A8EB7FE9-F557-470B-96F1-F44B20DDD28D}.Release|Any CPU.ActiveCfg = Release|Any CPU
		{A8EB7FE9-F557-470B-96F1-F44B20DDD28D}.Release|Any CPU.Build.0 = Release|Any CPU
	EndGlobalSection
	GlobalSection(SolutionProperties) = preSolution
		HideSolutionNode = FALSE
	EndGlobalSection
	GlobalSection(ExtensibilityGlobals) = postSolution
		SolutionGuid = {6BBA818A-7AC4-4FD3-BBF4-EADDDF0FEA02}
	EndGlobalSection
EndGlobal
