
Microsoft Visual Studio Solution File, Format Version 12.00
# Visual Studio Version 17
VisualStudioVersion = 17.14.37628.2 d17.14
MinimumVisualStudioVersion = 10.0.40219.1
Project("{FAE04EC0-301F-11D3-BF4B-00C04F79EFBC}") = "04_Variables", "04_Variables\04_Variables.csproj", "{69C6F5D3-B75E-4BBF-9E1A-5448294D6A2E}"
EndProject
Global
	GlobalSection(SolutionConfigurationPlatforms) = preSolution
		Debug|Any CPU = Debug|Any CPU
		Release|Any CPU = Release|Any CPU
	EndGlobalSection
	GlobalSection(ProjectConfigurationPlatforms) = postSolution
		{69C6F5D3-B75E-4BBF-9E1A-5448294D6A2E}.Debug|Any CPU.ActiveCfg = Debug|Any CPU
		{69C6F5D3-B75E-4BBF-9E1A-5448294D6A2E}.Debug|Any CPU.Build.0 = Debug|Any CPU
		{69C6F5D3-B75E-4BBF-9E1A-5448294D6A2E}.Release|Any CPU.ActiveCfg = Release|Any CPU
		{69C6F5D3-B75E-4BBF-9E1A-5448294D6A2E}.Release|Any CPU.Build.0 = Release|Any CPU
	EndGlobalSection
	GlobalSection(SolutionProperties) = preSolution
		HideSolutionNode = FALSE
	EndGlobalSection
	GlobalSection(ExtensibilityGlobals) = postSolution
		SolutionGuid = {6F644AEE-3C44-49FB-AC99-95D7F6CD0D5D}
	EndGlobalSection
EndGlobal
