
Microsoft Visual Studio Solution File, Format Version 12.00
# Visual Studio Version 17
VisualStudioVersion = 17.14.37628.2 d17.14
MinimumVisualStudioVersion = 10.0.40219.1
Project("{FAE04EC0-301F-11D3-BF4B-00C04F79EFBC}") = "09_Captura", "09_Captura\09_Captura.csproj", "{C917F8CA-555C-43A9-AE96-1B7C98EE9756}"
EndProject
Global
	GlobalSection(SolutionConfigurationPlatforms) = preSolution
		Debug|Any CPU = Debug|Any CPU
		Release|Any CPU = Release|Any CPU
	EndGlobalSection
	GlobalSection(ProjectConfigurationPlatforms) = postSolution
		{C917F8CA-555C-43A9-AE96-1B7C98EE9756}.Debug|Any CPU.ActiveCfg = Debug|Any CPU
		{C917F8CA-555C-43A9-AE96-1B7C98EE9756}.Debug|Any CPU.Build.0 = Debug|Any CPU
		{C917F8CA-555C-43A9-AE96-1B7C98EE9756}.Release|Any CPU.ActiveCfg = Release|Any CPU
		{C917F8CA-555C-43A9-AE96-1B7C98EE9756}.Release|Any CPU.Build.0 = Release|Any CPU
	EndGlobalSection
	GlobalSection(SolutionProperties) = preSolution
		HideSolutionNode = FALSE
	EndGlobalSection
	GlobalSection(ExtensibilityGlobals) = postSolution
		SolutionGuid = {55402DB1-6BA9-41E5-91BD-1FF905837265}
	EndGlobalSection
EndGlobal
